
Microsoft Visual Studio Solution File, Format Version 12.00
# Visual Studio Version 16
VisualStudioVersion = 16.0.32228.343
MinimumVisualStudioVersion = 10.0.40219.1
Project("{FAE04EC0-301F-11D3-BF4B-00C04F79EFBC}") = "exercicio14", "exercicio14\exercicio14.csproj", "{006249EE-0530-47EF-AEFD-10FB66124E7D}"
EndProject
Global
	GlobalSection(SolutionConfigurationPlatforms) = preSolution
		Debug|Any CPU = Debug|Any CPU
		Release|Any CPU = Release|Any CPU
	EndGlobalSection
	GlobalSection(ProjectConfigurationPlatforms) = postSolution
		{006249EE-0530-47EF-AEFD-10FB66124E7D}.Debug|Any CPU.ActiveCfg = Debug|Any CPU
		{006249EE-0530-47EF-AEFD-10FB66124E7D}.Debug|Any CPU.Build.0 = Debug|Any CPU
		{006249EE-0530-47EF-AEFD-10FB66124E7D}.Release|Any CPU.ActiveCfg = Release|Any CPU
		{006249EE-0530-47EF-AEFD-10FB66124E7D}.Release|Any CPU.Build.0 = Release|Any CPU
	EndGlobalSection
	GlobalSection(SolutionProperties) = preSolution
		HideSolutionNode = FALSE
	EndGlobalSection
	GlobalSection(ExtensibilityGlobals) = postSolution
		SolutionGuid = {DDD3541E-1417-407C-A26C-FBF6C2327194}
	EndGlobalSection
EndGlobal
